
Microsoft Visual Studio Solution File, Format Version 12.00
# Visual Studio 15
VisualStudioVersion = 15.0.27428.2037
MinimumVisualStudioVersion = 10.0.40219.1
Project("{9A19103F-16F7-4668-BE54-9A1E7A4F7556}") = "Lion Search", "WebApplication1\Lion Search.csproj", "{35928A7F-C84D-41EB-B2D0-B45A84CC0B6C}"
EndProject
Global
	GlobalSection(SolutionConfigurationPlatforms) = preSolution
		Debug|Any CPU = Debug|Any CPU
		Release|Any CPU = Release|Any CPU
	EndGlobalSection
	GlobalSection(ProjectConfigurationPlatforms) = postSolution
		{35928A7F-C84D-41EB-B2D0-B45A84CC0B6C}.Debug|Any CPU.ActiveCfg = Debug|Any CPU
		{35928A7F-C84D-41EB-B2D0-B45A84CC0B6C}.Debug|Any CPU.Build.0 = Debug|Any CPU
		{35928A7F-C84D-41EB-B2D0-B45A84CC0B6C}.Release|Any CPU.ActiveCfg = Release|Any CPU
		{35928A7F-C84D-41EB-B2D0-B45A84CC0B6C}.Release|Any CPU.Build.0 = Release|Any CPU
	EndGlobalSection
	GlobalSection(SolutionProperties) = preSolution
		HideSolutionNode = FALSE
	EndGlobalSection
	GlobalSection(ExtensibilityGlobals) = postSolution
		SolutionGuid = {3DEDB749-7EC6-4488-9596-CC16D95E0112}
	EndGlobalSection
EndGlobal
